
Microsoft Visual Studio Solution File, Format Version 12.00
# Visual Studio Version 17
VisualStudioVersion = 17.6.33815.320
MinimumVisualStudioVersion = 10.0.40219.1
Project("{9A19103F-16F7-4668-BE54-9A1E7A4F7556}") = "NurBNB.Reservas.Domain", "NurBNB.Reservas.Domain\NurBNB.Reservas.Domain.csproj", "{08D48748-AB83-4B5A-8BC8-A849AF52A52E}"
EndProject
Project("{9A19103F-16F7-4668-BE54-9A1E7A4F7556}") = "NurBNB.Reservas.SharedKernel", "ms2023-restaurant-sharedkernel-main\Restaurant.SharedKernel\NurBNB.Reservas.SharedKernel.csproj", "{9B122113-6CCF-4EB5-9ECC-3612ABD3CEA2}"
EndProject
Project("{9A19103F-16F7-4668-BE54-9A1E7A4F7556}") = "NurBNB.Reservas.Application", "NurBNB.Reservas.Application\NurBNB.Reservas.Application.csproj", "{D62C95A4-26AA-4901-B5B4-2C5A388B83F1}"
EndProject
Project("{9A19103F-16F7-4668-BE54-9A1E7A4F7556}") = "NurBNB.Reservas.Infrastructure", "NurBNB.Reservas.Infrastructure\NurBNB.Reservas.Infrastructure.csproj", "{9AD40B12-2D9A-4B0B-9188-8A7099503B6E}"
EndProject
Project("{9A19103F-16F7-4668-BE54-9A1E7A4F7556}") = "NurBNB.Reservas.WebAPI", "NurBNB.Reservas.WebAPI\NurBNB.Reservas.WebAPI.csproj", "{C49D9914-F8F6-431E-8922-11906C1685FA}"
EndProject
Project("{2150E333-8FDC-42A3-9474-1A3956D46DE8}") = "Solution Items", "Solution Items", "{080EC845-8A69-4987-920D-CFFCB179050A}"
	ProjectSection(SolutionItems) = preProject
		.gitignore = .gitignore
		Diagrama de Dominio.pdf = Diagrama de Dominio.pdf
		README.md = README.md
	EndProjectSection
EndProject
Project("{9A19103F-16F7-4668-BE54-9A1E7A4F7556}") = "NurBNB.Reservas.Test", "NurBNB.Reservas.SharedTest\NurBNB.Reservas.Test.csproj", "{246E5B51-049C-4B2B-9F1C-BC963CF2354F}"
EndProject
Project("{2150E333-8FDC-42A3-9474-1A3956D46DE8}") = "Pruebas PostMan", "Pruebas PostMan", "{06C365D2-7443-4661-B1B2-732F6DD7882C}"
	ProjectSection(SolutionItems) = preProject
		C:\Users\Fernando S\Desktop\NurBNB.postman_collection.json = C:\Users\Fernando S\Desktop\NurBNB.postman_collection.json
	EndProjectSection
EndProject
Global
	GlobalSection(SolutionConfigurationPlatforms) = preSolution
		Debug|Any CPU = Debug|Any CPU
		Release|Any CPU = Release|Any CPU
	EndGlobalSection
	GlobalSection(ProjectConfigurationPlatforms) = postSolution
		{08D48748-AB83-4B5A-8BC8-A849AF52A52E}.Debug|Any CPU.ActiveCfg = Debug|Any CPU
		{08D48748-AB83-4B5A-8BC8-A849AF52A52E}.Debug|Any CPU.Build.0 = Debug|Any CPU
		{08D48748-AB83-4B5A-8BC8-A849AF52A52E}.Release|Any CPU.ActiveCfg = Release|Any CPU
		{08D48748-AB83-4B5A-8BC8-A849AF52A52E}.Release|Any CPU.Build.0 = Release|Any CPU
		{9B122113-6CCF-4EB5-9ECC-3612ABD3CEA2}.Debug|Any CPU.ActiveCfg = Debug|Any CPU
		{9B122113-6CCF-4EB5-9ECC-3612ABD3CEA2}.Debug|Any CPU.Build.0 = Debug|Any CPU
		{9B122113-6CCF-4EB5-9ECC-3612ABD3CEA2}.Release|Any CPU.ActiveCfg = Release|Any CPU
		{9B122113-6CCF-4EB5-9ECC-3612ABD3CEA2}.Release|Any CPU.Build.0 = Release|Any CPU
		{D62C95A4-26AA-4901-B5B4-2C5A388B83F1}.Debug|Any CPU.ActiveCfg = Debug|Any CPU
		{D62C95A4-26AA-4901-B5B4-2C5A388B83F1}.Debug|Any CPU.Build.0 = Debug|Any CPU
		{D62C95A4-26AA-4901-B5B4-2C5A388B83F1}.Release|Any CPU.ActiveCfg = Release|Any CPU
		{D62C95A4-26AA-4901-B5B4-2C5A388B83F1}.Release|Any CPU.Build.0 = Release|Any CPU
		{9AD40B12-2D9A-4B0B-9188-8A7099503B6E}.Debug|Any CPU.ActiveCfg = Debug|Any CPU
		{9AD40B12-2D9A-4B0B-9188-8A7099503B6E}.Debug|Any CPU.Build.0 = Debug|Any CPU
		{9AD40B12-2D9A-4B0B-9188-8A7099503B6E}.Release|Any CPU.ActiveCfg = Release|Any CPU
		{9AD40B12-2D9A-4B0B-9188-8A7099503B6E}.Release|Any CPU.Build.0 = Release|Any CPU
		{C49D9914-F8F6-431E-8922-11906C1685FA}.Debug|Any CPU.ActiveCfg = Debug|Any CPU
		{C49D9914-F8F6-431E-8922-11906C1685FA}.Debug|Any CPU.Build.0 = Debug|Any CPU
		{C49D9914-F8F6-431E-8922-11906C1685FA}.Release|Any CPU.ActiveCfg = Release|Any CPU
		{C49D9914-F8F6-431E-8922-11906C1685FA}.Release|Any CPU.Build.0 = Release|Any CPU
		{246E5B51-049C-4B2B-9F1C-BC963CF2354F}.Debug|Any CPU.ActiveCfg = Debug|Any CPU
		{246E5B51-049C-4B2B-9F1C-BC963CF2354F}.Debug|Any CPU.Build.0 = Debug|Any CPU
		{246E5B51-049C-4B2B-9F1C-BC963CF2354F}.Release|Any CPU.ActiveCfg = Release|Any CPU
		{246E5B51-049C-4B2B-9F1C-BC963CF2354F}.Release|Any CPU.Build.0 = Release|Any CPU
	EndGlobalSection
	GlobalSection(SolutionProperties) = preSolution
		HideSolutionNode = FALSE
	EndGlobalSection
	GlobalSection(ExtensibilityGlobals) = postSolution
		SolutionGuid = {FFB01F02-BC2C-48D8-BF44-32F2027C8C99}
	EndGlobalSection
EndGlobal
